
Microsoft Visual Studio Solution File, Format Version 12.00
# Visual Studio 14
VisualStudioVersion = 14.0.23107.0
MinimumVisualStudioVersion = 10.0.40219.1
Project("{FAE04EC0-301F-11D3-BF4B-00C04F79EFBC}") = "SQL", "SQL\SQL.csproj", "{E05B4E55-FB3A-4A46-A215-32979D5DDACB}"
EndProject
Project("{FAE04EC0-301F-11D3-BF4B-00C04F79EFBC}") = "SQLLoadPerformance", "SQLLoadPerformance\SQLLoadPerformance.csproj", "{2D4787D2-6E8F-4352-B189-CCCBD53B6B8D}"
EndProject
Project("{2150E333-8FDC-42A3-9474-1A3956D46DE8}") = "Solution Items", "Solution Items", "{84EE5B8A-2082-4DDC-B4F9-B366E37E9B4D}"
	ProjectSection(SolutionItems) = preProject
		Local.testsettings = Local.testsettings
		TestSettings1.testsettings = TestSettings1.testsettings
	EndProjectSection
EndProject
Project("{00D1A9C2-B5F0-4AF3-8072-F6C62B433612}") = "DB", "DB\DB.sqlproj", "{3515CD72-526A-4D67-976E-1157BBD8E738}"
EndProject
Global
	GlobalSection(SolutionConfigurationPlatforms) = preSolution
		Debug|Any CPU = Debug|Any CPU
		Release|Any CPU = Release|Any CPU
	EndGlobalSection
	GlobalSection(ProjectConfigurationPlatforms) = postSolution
		{E05B4E55-FB3A-4A46-A215-32979D5DDACB}.Debug|Any CPU.ActiveCfg = Debug|Any CPU
		{E05B4E55-FB3A-4A46-A215-32979D5DDACB}.Debug|Any CPU.Build.0 = Debug|Any CPU
		{E05B4E55-FB3A-4A46-A215-32979D5DDACB}.Release|Any CPU.ActiveCfg = Release|Any CPU
		{E05B4E55-FB3A-4A46-A215-32979D5DDACB}.Release|Any CPU.Build.0 = Release|Any CPU
		{2D4787D2-6E8F-4352-B189-CCCBD53B6B8D}.Debug|Any CPU.ActiveCfg = Debug|Any CPU
		{2D4787D2-6E8F-4352-B189-CCCBD53B6B8D}.Debug|Any CPU.Build.0 = Debug|Any CPU
		{2D4787D2-6E8F-4352-B189-CCCBD53B6B8D}.Release|Any CPU.ActiveCfg = Release|Any CPU
		{2D4787D2-6E8F-4352-B189-CCCBD53B6B8D}.Release|Any CPU.Build.0 = Release|Any CPU
		{3515CD72-526A-4D67-976E-1157BBD8E738}.Debug|Any CPU.ActiveCfg = Debug|Any CPU
		{3515CD72-526A-4D67-976E-1157BBD8E738}.Debug|Any CPU.Build.0 = Debug|Any CPU
		{3515CD72-526A-4D67-976E-1157BBD8E738}.Debug|Any CPU.Deploy.0 = Debug|Any CPU
		{3515CD72-526A-4D67-976E-1157BBD8E738}.Release|Any CPU.ActiveCfg = Release|Any CPU
		{3515CD72-526A-4D67-976E-1157BBD8E738}.Release|Any CPU.Build.0 = Release|Any CPU
		{3515CD72-526A-4D67-976E-1157BBD8E738}.Release|Any CPU.Deploy.0 = Release|Any CPU
	EndGlobalSection
	GlobalSection(SolutionProperties) = preSolution
		HideSolutionNode = FALSE
	EndGlobalSection
EndGlobal
