
Microsoft Visual Studio Solution File, Format Version 12.00
# Visual Studio 14
VisualStudioVersion = 14.0.24720.0
MinimumVisualStudioVersion = 10.0.40219.1
Project("{00D1A9C2-B5F0-4AF3-8072-F6C62B433612}") = "SabinIO.Performance.Conversion", "SabinIO.Performance.Conversion\SabinIO.Performance.Conversion.sqlproj", "{A60011D6-DA05-4088-9B38-8C090AEF529C}"
EndProject
Project("{00D1A9C2-B5F0-4AF3-8072-F6C62B433612}") = "SabinIO.Performance.Grouping", "SabinIO.Performance.Grouping\SabinIO.Performance.Grouping.sqlproj", "{06BA4870-9076-4064-83BE-A6E1500B28C9}"
EndProject
Project("{00D1A9C2-B5F0-4AF3-8072-F6C62B433612}") = "SabinIO.Performance.MissingIndex", "SabinIO.Performance.MissingIndex\SabinIO.Performance.MissingIndex.sqlproj", "{82244FF1-BA3F-46C0-A5BA-E62084DE6FA9}"
EndProject
Project("{00D1A9C2-B5F0-4AF3-8072-F6C62B433612}") = "SabinIO.Performance.Sargability", "SabinIO.Performance.Sargability\SabinIO.Performance.Sargability.sqlproj", "{41796F4E-E217-4667-9C74-BC2BF016D3E7}"
EndProject
Project("{00D1A9C2-B5F0-4AF3-8072-F6C62B433612}") = "SabinIO.Performance.StatisticsTimeIO", "SabinIO.Performance.StatisticsTimeIO\SabinIO.Performance.StatisticsTimeIO.sqlproj", "{A254A560-B076-4751-86B4-2CE4B54543FD}"
EndProject
Project("{00D1A9C2-B5F0-4AF3-8072-F6C62B433612}") = "SabinIO.Performance.UDF", "SabinIO.Performance.UDF\SabinIO.Performance.UDF.sqlproj", "{108A16F0-CC5D-4A12-994C-05642CBF4EB5}"
EndProject
Project("{00D1A9C2-B5F0-4AF3-8072-F6C62B433612}") = "SabinIO.Performance.SetRowBased", "SabinIO.Performance.SetRowBased\SabinIO.Performance.SetRowBased.sqlproj", "{E1D7EBEB-24FB-43F5-A758-ADD678DF8441}"
EndProject
Project("{00D1A9C2-B5F0-4AF3-8072-F6C62B433612}") = "SabinIO.Performance.UnionUnionAll", "SabinIO.Performance.UnionUnionAll\SabinIO.Performance.UnionUnionAll.sqlproj", "{F42FBF74-AE32-4513-A2D3-6413FD9E26C6}"
EndProject
Project("{00D1A9C2-B5F0-4AF3-8072-F6C62B433612}") = "SabinIO.Performance.TruncateDelete", "SabinIO.Performance.TruncateDelete\SabinIO.Performance.TruncateDelete.sqlproj", "{982F0BA9-F14F-4166-BB15-7733A1D3ACE9}"
EndProject
Project("{00D1A9C2-B5F0-4AF3-8072-F6C62B433612}") = "SabinIO.Performance.InMemoryOltp", "SabinIO.Performance.InMemoryOltp\SabinIO.Performance.InMemoryOltp.sqlproj", "{750F41A0-EC48-4833-8A4C-527DCCBAE76D}"
EndProject
Project("{2150E333-8FDC-42A3-9474-1A3956D46DE8}") = "batfiles", "batfiles", "{00CF8CAA-41FF-43B5-8840-737896F94FF5}"
	ProjectSection(SolutionItems) = preProject
		deploy.ps1 = deploy.ps1
		batfiles\runlocaldb.bat = batfiles\runlocaldb.bat
		batfiles\sqlpackage.bat = batfiles\sqlpackage.bat
	EndProjectSection
EndProject
Global
	GlobalSection(SolutionConfigurationPlatforms) = preSolution
		Debug|Any CPU = Debug|Any CPU
		Debug|x64 = Debug|x64
		Release|Any CPU = Release|Any CPU
		Release|x64 = Release|x64
	EndGlobalSection
	GlobalSection(ProjectConfigurationPlatforms) = postSolution
		{A60011D6-DA05-4088-9B38-8C090AEF529C}.Debug|Any CPU.ActiveCfg = Debug|Any CPU
		{A60011D6-DA05-4088-9B38-8C090AEF529C}.Debug|Any CPU.Build.0 = Debug|Any CPU
		{A60011D6-DA05-4088-9B38-8C090AEF529C}.Debug|Any CPU.Deploy.0 = Debug|Any CPU
		{A60011D6-DA05-4088-9B38-8C090AEF529C}.Debug|x64.ActiveCfg = Debug|x64
		{A60011D6-DA05-4088-9B38-8C090AEF529C}.Debug|x64.Build.0 = Debug|x64
		{A60011D6-DA05-4088-9B38-8C090AEF529C}.Debug|x64.Deploy.0 = Debug|x64
		{A60011D6-DA05-4088-9B38-8C090AEF529C}.Release|Any CPU.ActiveCfg = Release|Any CPU
		{A60011D6-DA05-4088-9B38-8C090AEF529C}.Release|Any CPU.Build.0 = Release|Any CPU
		{A60011D6-DA05-4088-9B38-8C090AEF529C}.Release|Any CPU.Deploy.0 = Release|Any CPU
		{A60011D6-DA05-4088-9B38-8C090AEF529C}.Release|x64.ActiveCfg = Release|x64
		{A60011D6-DA05-4088-9B38-8C090AEF529C}.Release|x64.Build.0 = Release|x64
		{A60011D6-DA05-4088-9B38-8C090AEF529C}.Release|x64.Deploy.0 = Release|x64
		{06BA4870-9076-4064-83BE-A6E1500B28C9}.Debug|Any CPU.ActiveCfg = Debug|Any CPU
		{06BA4870-9076-4064-83BE-A6E1500B28C9}.Debug|Any CPU.Build.0 = Debug|Any CPU
		{06BA4870-9076-4064-83BE-A6E1500B28C9}.Debug|Any CPU.Deploy.0 = Debug|Any CPU
		{06BA4870-9076-4064-83BE-A6E1500B28C9}.Debug|x64.ActiveCfg = Debug|x64
		{06BA4870-9076-4064-83BE-A6E1500B28C9}.Debug|x64.Build.0 = Debug|x64
		{06BA4870-9076-4064-83BE-A6E1500B28C9}.Debug|x64.Deploy.0 = Debug|x64
		{06BA4870-9076-4064-83BE-A6E1500B28C9}.Release|Any CPU.ActiveCfg = Release|Any CPU
		{06BA4870-9076-4064-83BE-A6E1500B28C9}.Release|Any CPU.Build.0 = Release|Any CPU
		{06BA4870-9076-4064-83BE-A6E1500B28C9}.Release|Any CPU.Deploy.0 = Release|Any CPU
		{06BA4870-9076-4064-83BE-A6E1500B28C9}.Release|x64.ActiveCfg = Release|x64
		{06BA4870-9076-4064-83BE-A6E1500B28C9}.Release|x64.Build.0 = Release|x64
		{06BA4870-9076-4064-83BE-A6E1500B28C9}.Release|x64.Deploy.0 = Release|x64
		{82244FF1-BA3F-46C0-A5BA-E62084DE6FA9}.Debug|Any CPU.ActiveCfg = Debug|Any CPU
		{82244FF1-BA3F-46C0-A5BA-E62084DE6FA9}.Debug|Any CPU.Build.0 = Debug|Any CPU
		{82244FF1-BA3F-46C0-A5BA-E62084DE6FA9}.Debug|Any CPU.Deploy.0 = Debug|Any CPU
		{82244FF1-BA3F-46C0-A5BA-E62084DE6FA9}.Debug|x64.ActiveCfg = Debug|x64
		{82244FF1-BA3F-46C0-A5BA-E62084DE6FA9}.Debug|x64.Build.0 = Debug|x64
		{82244FF1-BA3F-46C0-A5BA-E62084DE6FA9}.Debug|x64.Deploy.0 = Debug|x64
		{82244FF1-BA3F-46C0-A5BA-E62084DE6FA9}.Release|Any CPU.ActiveCfg = Release|Any CPU
		{82244FF1-BA3F-46C0-A5BA-E62084DE6FA9}.Release|Any CPU.Build.0 = Release|Any CPU
		{82244FF1-BA3F-46C0-A5BA-E62084DE6FA9}.Release|Any CPU.Deploy.0 = Release|Any CPU
		{82244FF1-BA3F-46C0-A5BA-E62084DE6FA9}.Release|x64.ActiveCfg = Release|x64
		{82244FF1-BA3F-46C0-A5BA-E62084DE6FA9}.Release|x64.Build.0 = Release|x64
		{82244FF1-BA3F-46C0-A5BA-E62084DE6FA9}.Release|x64.Deploy.0 = Release|x64
		{41796F4E-E217-4667-9C74-BC2BF016D3E7}.Debug|Any CPU.ActiveCfg = Debug|Any CPU
		{41796F4E-E217-4667-9C74-BC2BF016D3E7}.Debug|Any CPU.Build.0 = Debug|Any CPU
		{41796F4E-E217-4667-9C74-BC2BF016D3E7}.Debug|Any CPU.Deploy.0 = Debug|Any CPU
		{41796F4E-E217-4667-9C74-BC2BF016D3E7}.Debug|x64.ActiveCfg = Debug|x64
		{41796F4E-E217-4667-9C74-BC2BF016D3E7}.Debug|x64.Build.0 = Debug|x64
		{41796F4E-E217-4667-9C74-BC2BF016D3E7}.Debug|x64.Deploy.0 = Debug|x64
		{41796F4E-E217-4667-9C74-BC2BF016D3E7}.Release|Any CPU.ActiveCfg = Release|Any CPU
		{41796F4E-E217-4667-9C74-BC2BF016D3E7}.Release|Any CPU.Build.0 = Release|Any CPU
		{41796F4E-E217-4667-9C74-BC2BF016D3E7}.Release|Any CPU.Deploy.0 = Release|Any CPU
		{41796F4E-E217-4667-9C74-BC2BF016D3E7}.Release|x64.ActiveCfg = Release|x64
		{41796F4E-E217-4667-9C74-BC2BF016D3E7}.Release|x64.Build.0 = Release|x64
		{41796F4E-E217-4667-9C74-BC2BF016D3E7}.Release|x64.Deploy.0 = Release|x64
		{A254A560-B076-4751-86B4-2CE4B54543FD}.Debug|Any CPU.ActiveCfg = Debug|Any CPU
		{A254A560-B076-4751-86B4-2CE4B54543FD}.Debug|Any CPU.Build.0 = Debug|Any CPU
		{A254A560-B076-4751-86B4-2CE4B54543FD}.Debug|Any CPU.Deploy.0 = Debug|Any CPU
		{A254A560-B076-4751-86B4-2CE4B54543FD}.Debug|x64.ActiveCfg = Debug|x64
		{A254A560-B076-4751-86B4-2CE4B54543FD}.Debug|x64.Build.0 = Debug|x64
		{A254A560-B076-4751-86B4-2CE4B54543FD}.Debug|x64.Deploy.0 = Debug|x64
		{A254A560-B076-4751-86B4-2CE4B54543FD}.Release|Any CPU.ActiveCfg = Release|Any CPU
		{A254A560-B076-4751-86B4-2CE4B54543FD}.Release|Any CPU.Build.0 = Release|Any CPU
		{A254A560-B076-4751-86B4-2CE4B54543FD}.Release|Any CPU.Deploy.0 = Release|Any CPU
		{A254A560-B076-4751-86B4-2CE4B54543FD}.Release|x64.ActiveCfg = Release|x64
		{A254A560-B076-4751-86B4-2CE4B54543FD}.Release|x64.Build.0 = Release|x64
		{A254A560-B076-4751-86B4-2CE4B54543FD}.Release|x64.Deploy.0 = Release|x64
		{108A16F0-CC5D-4A12-994C-05642CBF4EB5}.Debug|Any CPU.ActiveCfg = Debug|Any CPU
		{108A16F0-CC5D-4A12-994C-05642CBF4EB5}.Debug|Any CPU.Build.0 = Debug|Any CPU
		{108A16F0-CC5D-4A12-994C-05642CBF4EB5}.Debug|Any CPU.Deploy.0 = Debug|Any CPU
		{108A16F0-CC5D-4A12-994C-05642CBF4EB5}.Debug|x64.ActiveCfg = Debug|x64
		{108A16F0-CC5D-4A12-994C-05642CBF4EB5}.Debug|x64.Build.0 = Debug|x64
		{108A16F0-CC5D-4A12-994C-05642CBF4EB5}.Debug|x64.Deploy.0 = Debug|x64
		{108A16F0-CC5D-4A12-994C-05642CBF4EB5}.Release|Any CPU.ActiveCfg = Release|Any CPU
		{108A16F0-CC5D-4A12-994C-05642CBF4EB5}.Release|Any CPU.Build.0 = Release|Any CPU
		{108A16F0-CC5D-4A12-994C-05642CBF4EB5}.Release|Any CPU.Deploy.0 = Release|Any CPU
		{108A16F0-CC5D-4A12-994C-05642CBF4EB5}.Release|x64.ActiveCfg = Release|x64
		{108A16F0-CC5D-4A12-994C-05642CBF4EB5}.Release|x64.Build.0 = Release|x64
		{108A16F0-CC5D-4A12-994C-05642CBF4EB5}.Release|x64.Deploy.0 = Release|x64
		{E1D7EBEB-24FB-43F5-A758-ADD678DF8441}.Debug|Any CPU.ActiveCfg = Debug|Any CPU
		{E1D7EBEB-24FB-43F5-A758-ADD678DF8441}.Debug|Any CPU.Build.0 = Debug|Any CPU
		{E1D7EBEB-24FB-43F5-A758-ADD678DF8441}.Debug|Any CPU.Deploy.0 = Debug|Any CPU
		{E1D7EBEB-24FB-43F5-A758-ADD678DF8441}.Debug|x64.ActiveCfg = Debug|x64
		{E1D7EBEB-24FB-43F5-A758-ADD678DF8441}.Debug|x64.Build.0 = Debug|x64
		{E1D7EBEB-24FB-43F5-A758-ADD678DF8441}.Debug|x64.Deploy.0 = Debug|x64
		{E1D7EBEB-24FB-43F5-A758-ADD678DF8441}.Release|Any CPU.ActiveCfg = Release|Any CPU
		{E1D7EBEB-24FB-43F5-A758-ADD678DF8441}.Release|Any CPU.Build.0 = Release|Any CPU
		{E1D7EBEB-24FB-43F5-A758-ADD678DF8441}.Release|Any CPU.Deploy.0 = Release|Any CPU
		{E1D7EBEB-24FB-43F5-A758-ADD678DF8441}.Release|x64.ActiveCfg = Release|x64
		{E1D7EBEB-24FB-43F5-A758-ADD678DF8441}.Release|x64.Build.0 = Release|x64
		{E1D7EBEB-24FB-43F5-A758-ADD678DF8441}.Release|x64.Deploy.0 = Release|x64
		{F42FBF74-AE32-4513-A2D3-6413FD9E26C6}.Debug|Any CPU.ActiveCfg = Debug|Any CPU
		{F42FBF74-AE32-4513-A2D3-6413FD9E26C6}.Debug|Any CPU.Build.0 = Debug|Any CPU
		{F42FBF74-AE32-4513-A2D3-6413FD9E26C6}.Debug|Any CPU.Deploy.0 = Debug|Any CPU
		{F42FBF74-AE32-4513-A2D3-6413FD9E26C6}.Debug|x64.ActiveCfg = Debug|Any CPU
		{F42FBF74-AE32-4513-A2D3-6413FD9E26C6}.Debug|x64.Build.0 = Debug|Any CPU
		{F42FBF74-AE32-4513-A2D3-6413FD9E26C6}.Debug|x64.Deploy.0 = Debug|Any CPU
		{F42FBF74-AE32-4513-A2D3-6413FD9E26C6}.Release|Any CPU.ActiveCfg = Release|Any CPU
		{F42FBF74-AE32-4513-A2D3-6413FD9E26C6}.Release|Any CPU.Build.0 = Release|Any CPU
		{F42FBF74-AE32-4513-A2D3-6413FD9E26C6}.Release|Any CPU.Deploy.0 = Release|Any CPU
		{F42FBF74-AE32-4513-A2D3-6413FD9E26C6}.Release|x64.ActiveCfg = Release|Any CPU
		{F42FBF74-AE32-4513-A2D3-6413FD9E26C6}.Release|x64.Build.0 = Release|Any CPU
		{F42FBF74-AE32-4513-A2D3-6413FD9E26C6}.Release|x64.Deploy.0 = Release|Any CPU
		{982F0BA9-F14F-4166-BB15-7733A1D3ACE9}.Debug|Any CPU.ActiveCfg = Debug|Any CPU
		{982F0BA9-F14F-4166-BB15-7733A1D3ACE9}.Debug|Any CPU.Build.0 = Debug|Any CPU
		{982F0BA9-F14F-4166-BB15-7733A1D3ACE9}.Debug|Any CPU.Deploy.0 = Debug|Any CPU
		{982F0BA9-F14F-4166-BB15-7733A1D3ACE9}.Debug|x64.ActiveCfg = Debug|Any CPU
		{982F0BA9-F14F-4166-BB15-7733A1D3ACE9}.Debug|x64.Build.0 = Debug|Any CPU
		{982F0BA9-F14F-4166-BB15-7733A1D3ACE9}.Debug|x64.Deploy.0 = Debug|Any CPU
		{982F0BA9-F14F-4166-BB15-7733A1D3ACE9}.Release|Any CPU.ActiveCfg = Release|Any CPU
		{982F0BA9-F14F-4166-BB15-7733A1D3ACE9}.Release|Any CPU.Build.0 = Release|Any CPU
		{982F0BA9-F14F-4166-BB15-7733A1D3ACE9}.Release|Any CPU.Deploy.0 = Release|Any CPU
		{982F0BA9-F14F-4166-BB15-7733A1D3ACE9}.Release|x64.ActiveCfg = Release|Any CPU
		{982F0BA9-F14F-4166-BB15-7733A1D3ACE9}.Release|x64.Build.0 = Release|Any CPU
		{982F0BA9-F14F-4166-BB15-7733A1D3ACE9}.Release|x64.Deploy.0 = Release|Any CPU
		{750F41A0-EC48-4833-8A4C-527DCCBAE76D}.Debug|Any CPU.ActiveCfg = Debug|Any CPU
		{750F41A0-EC48-4833-8A4C-527DCCBAE76D}.Debug|Any CPU.Build.0 = Debug|Any CPU
		{750F41A0-EC48-4833-8A4C-527DCCBAE76D}.Debug|Any CPU.Deploy.0 = Debug|Any CPU
		{750F41A0-EC48-4833-8A4C-527DCCBAE76D}.Debug|x64.ActiveCfg = Debug|Any CPU
		{750F41A0-EC48-4833-8A4C-527DCCBAE76D}.Debug|x64.Build.0 = Debug|Any CPU
		{750F41A0-EC48-4833-8A4C-527DCCBAE76D}.Debug|x64.Deploy.0 = Debug|Any CPU
		{750F41A0-EC48-4833-8A4C-527DCCBAE76D}.Release|Any CPU.ActiveCfg = Release|Any CPU
		{750F41A0-EC48-4833-8A4C-527DCCBAE76D}.Release|Any CPU.Build.0 = Release|Any CPU
		{750F41A0-EC48-4833-8A4C-527DCCBAE76D}.Release|Any CPU.Deploy.0 = Release|Any CPU
		{750F41A0-EC48-4833-8A4C-527DCCBAE76D}.Release|x64.ActiveCfg = Release|Any CPU
		{750F41A0-EC48-4833-8A4C-527DCCBAE76D}.Release|x64.Build.0 = Release|Any CPU
		{750F41A0-EC48-4833-8A4C-527DCCBAE76D}.Release|x64.Deploy.0 = Release|Any CPU
	EndGlobalSection
	GlobalSection(SolutionProperties) = preSolution
		HideSolutionNode = FALSE
	EndGlobalSection
EndGlobal
