
Microsoft Visual Studio Solution File, Format Version 12.00
# Visual Studio 14
VisualStudioVersion = 14.0.24720.0
MinimumVisualStudioVersion = 10.0.40219.1
Project("{00D1A9C2-B5F0-4AF3-8072-F6C62B433612}") = "AdventureWorks2014", "TestingDatabase\AdventureWorks2014.sqlproj", "{B75033B1-1C52-4903-B1BD-E2A5BBE50F55}"
EndProject
Project("{FAE04EC0-301F-11D3-BF4B-00C04F79EFBC}") = "SSDT.DatabaseUnitTesting", "SSDT.DatabaseUnitTesting\SSDT.DatabaseUnitTesting.csproj", "{34EF1F3C-38A6-42A4-B84F-70E28085E4D6}"
EndProject
Global
	GlobalSection(SolutionConfigurationPlatforms) = preSolution
		Debug|Any CPU = Debug|Any CPU
		Release|Any CPU = Release|Any CPU
	EndGlobalSection
	GlobalSection(ProjectConfigurationPlatforms) = postSolution
		{B75033B1-1C52-4903-B1BD-E2A5BBE50F55}.Debug|Any CPU.ActiveCfg = Debug|Any CPU
		{B75033B1-1C52-4903-B1BD-E2A5BBE50F55}.Debug|Any CPU.Build.0 = Debug|Any CPU
		{B75033B1-1C52-4903-B1BD-E2A5BBE50F55}.Debug|Any CPU.Deploy.0 = Debug|Any CPU
		{B75033B1-1C52-4903-B1BD-E2A5BBE50F55}.Release|Any CPU.ActiveCfg = Release|Any CPU
		{B75033B1-1C52-4903-B1BD-E2A5BBE50F55}.Release|Any CPU.Build.0 = Release|Any CPU
		{B75033B1-1C52-4903-B1BD-E2A5BBE50F55}.Release|Any CPU.Deploy.0 = Release|Any CPU
		{34EF1F3C-38A6-42A4-B84F-70E28085E4D6}.Debug|Any CPU.ActiveCfg = Debug|Any CPU
		{34EF1F3C-38A6-42A4-B84F-70E28085E4D6}.Debug|Any CPU.Build.0 = Debug|Any CPU
		{34EF1F3C-38A6-42A4-B84F-70E28085E4D6}.Release|Any CPU.ActiveCfg = Release|Any CPU
		{34EF1F3C-38A6-42A4-B84F-70E28085E4D6}.Release|Any CPU.Build.0 = Release|Any CPU
	EndGlobalSection
	GlobalSection(SolutionProperties) = preSolution
		HideSolutionNode = FALSE
	EndGlobalSection
EndGlobal
