
Microsoft Visual Studio Solution File, Format Version 12.00
# Visual Studio 14
VisualStudioVersion = 14.0.24720.0
MinimumVisualStudioVersion = 10.0.40219.1
Project("{00D1A9C2-B5F0-4AF3-8072-F6C62B433612}") = "SimpleUnitTest_DB", "SimpleUnitTest_DB\SimpleUnitTest_DB.sqlproj", "{0421970D-0F9F-4948-ACF4-1711EB6DF049}"
EndProject
Project("{FAE04EC0-301F-11D3-BF4B-00C04F79EFBC}") = "SimpleUnitTest_UnitTests", "SimpleUnitTest_UnitTests\SimpleUnitTest_UnitTests.csproj", "{1C234743-FC6F-4211-BD71-430714AE378B}"
EndProject
Global
	GlobalSection(SolutionConfigurationPlatforms) = preSolution
		Debug|Any CPU = Debug|Any CPU
		Release|Any CPU = Release|Any CPU
	EndGlobalSection
	GlobalSection(ProjectConfigurationPlatforms) = postSolution
		{0421970D-0F9F-4948-ACF4-1711EB6DF049}.Debug|Any CPU.ActiveCfg = Debug|Any CPU
		{0421970D-0F9F-4948-ACF4-1711EB6DF049}.Debug|Any CPU.Build.0 = Debug|Any CPU
		{0421970D-0F9F-4948-ACF4-1711EB6DF049}.Debug|Any CPU.Deploy.0 = Debug|Any CPU
		{0421970D-0F9F-4948-ACF4-1711EB6DF049}.Release|Any CPU.ActiveCfg = Release|Any CPU
		{0421970D-0F9F-4948-ACF4-1711EB6DF049}.Release|Any CPU.Build.0 = Release|Any CPU
		{0421970D-0F9F-4948-ACF4-1711EB6DF049}.Release|Any CPU.Deploy.0 = Release|Any CPU
		{1C234743-FC6F-4211-BD71-430714AE378B}.Debug|Any CPU.ActiveCfg = Debug|Any CPU
		{1C234743-FC6F-4211-BD71-430714AE378B}.Debug|Any CPU.Build.0 = Debug|Any CPU
		{1C234743-FC6F-4211-BD71-430714AE378B}.Release|Any CPU.ActiveCfg = Release|Any CPU
		{1C234743-FC6F-4211-BD71-430714AE378B}.Release|Any CPU.Build.0 = Release|Any CPU
	EndGlobalSection
	GlobalSection(SolutionProperties) = preSolution
		HideSolutionNode = FALSE
	EndGlobalSection
EndGlobal
