
Microsoft Visual Studio Solution File, Format Version 12.00
# Visual Studio 14
VisualStudioVersion = 14.0.24720.0
MinimumVisualStudioVersion = 10.0.40219.1
Project("{00D1A9C2-B5F0-4AF3-8072-F6C62B433612}") = "SabinIO.dirtyPage.Demo", "SabinIO.DirtyPage.Demo\SabinIO.dirtyPage.Demo.sqlproj", "{86CF5751-C82C-4BC7-BF13-587EA71042C0}"
EndProject
Project("{00D1A9C2-B5F0-4AF3-8072-F6C62B433612}") = "SabinIO.InsertPerformance.Demo", "SabinIO.InsertPerformance.Demo\SabinIO.InsertPerformance.Demo.sqlproj", "{AA154AD3-7D5E-4A41-91BE-42A4F2190A90}"
EndProject
Project("{00D1A9C2-B5F0-4AF3-8072-F6C62B433612}") = "SabinIO.Logging.WithTran", "SabinIO.Logging.WithTran\SabinIO.Logging.WithTran.sqlproj", "{34E1EC80-A2B4-4C48-8B2D-303C4F504A94}"
EndProject
Project("{00D1A9C2-B5F0-4AF3-8072-F6C62B433612}") = "SabinIO.Logging.VLFs", "SabinIO.Logging.VLFs\SabinIO.Logging.VLFs.sqlproj", "{9A494AB5-A0E9-437D-8C5E-57A1E996B0D6}"
EndProject
Project("{00D1A9C2-B5F0-4AF3-8072-F6C62B433612}") = "SabinIO.LogOverhead.Demo", "SabinIO.LogOverhead.Demo\SabinIO.LogOverhead.Demo.sqlproj", "{39603BEC-1F5A-4B5B-A535-AF50B2385FE4}"
EndProject
Project("{00D1A9C2-B5F0-4AF3-8072-F6C62B433612}") = "SabinIO.Recovery.PageRestore", "SabinIO.Recovery.PageRestore\SabinIO.Recovery.PageRestore.sqlproj", "{DAEF5B8C-BB3F-4423-901B-C29EB6B09FF4}"
EndProject
Project("{00D1A9C2-B5F0-4AF3-8072-F6C62B433612}") = "SabinIO.Recovery.PageVerify", "SabinIO.Recovery.PageVerify\SabinIO.Recovery.PageVerify.sqlproj", "{3FC519EB-8E1F-4B52-B41E-4A7846549965}"
EndProject
Project("{00D1A9C2-B5F0-4AF3-8072-F6C62B433612}") = "SabinIO.DirtyPage.tSQLt.UnitTests", "SabinIO.Logging.tSQLt.UnitTests\SabinIO.DirtyPage.tSQLt.UnitTests.sqlproj", "{E78925CF-F9E2-4E24-8E48-6E77C0875ACC}"
EndProject
Project("{2150E333-8FDC-42A3-9474-1A3956D46DE8}") = "References", "References", "{14B3682D-EB34-4CAD-940E-9B8EC9742A0D}"
	ProjectSection(SolutionItems) = preProject
		References\tSQLt.Client.Net.dll = References\tSQLt.Client.Net.dll
		References\tSQLt_DB.dacpac = References\tSQLt_DB.dacpac
	EndProjectSection
EndProject
Project("{2150E333-8FDC-42A3-9474-1A3956D46DE8}") = "UnitTests", "UnitTests", "{82A0DDF7-F845-4602-A816-584FB7152F28}"
EndProject
Project("{FAE04EC0-301F-11D3-BF4B-00C04F79EFBC}") = "SabinIO.Logging.tSQLt.UnitTestProject", "SabinIO.Logging.tSQLt.UnitTestProject\SabinIO.Logging.tSQLt.UnitTestProject.csproj", "{484FF5E2-B830-43D9-825D-F3198E955197}"
EndProject
Project("{00D1A9C2-B5F0-4AF3-8072-F6C62B433612}") = "SabinIO.InsertPerformance.tSQLt.UnitTests", "SabinIO.InsertPerformance.tSQLt.UnitTests\SabinIO.InsertPerformance.tSQLt.UnitTests.sqlproj", "{0EB2C4DA-77FF-420F-A551-63A08BD6D5A2}"
EndProject
Project("{2150E333-8FDC-42A3-9474-1A3956D46DE8}") = "batfiles", "batfiles", "{5906A013-0BA5-45F8-AA3D-8286175D3AE5}"
	ProjectSection(SolutionItems) = preProject
		batfiles\runlocaldb.bat = batfiles\runlocaldb.bat
		batfiles\sqlpackage.bat = batfiles\sqlpackage.bat
	EndProjectSection
EndProject
Global
	GlobalSection(SolutionConfigurationPlatforms) = preSolution
		Debug|Any CPU = Debug|Any CPU
		Release|Any CPU = Release|Any CPU
	EndGlobalSection
	GlobalSection(ProjectConfigurationPlatforms) = postSolution
		{86CF5751-C82C-4BC7-BF13-587EA71042C0}.Debug|Any CPU.ActiveCfg = Debug|Any CPU
		{86CF5751-C82C-4BC7-BF13-587EA71042C0}.Debug|Any CPU.Build.0 = Debug|Any CPU
		{86CF5751-C82C-4BC7-BF13-587EA71042C0}.Debug|Any CPU.Deploy.0 = Debug|Any CPU
		{86CF5751-C82C-4BC7-BF13-587EA71042C0}.Release|Any CPU.ActiveCfg = Release|Any CPU
		{86CF5751-C82C-4BC7-BF13-587EA71042C0}.Release|Any CPU.Build.0 = Release|Any CPU
		{86CF5751-C82C-4BC7-BF13-587EA71042C0}.Release|Any CPU.Deploy.0 = Release|Any CPU
		{AA154AD3-7D5E-4A41-91BE-42A4F2190A90}.Debug|Any CPU.ActiveCfg = Debug|Any CPU
		{AA154AD3-7D5E-4A41-91BE-42A4F2190A90}.Debug|Any CPU.Build.0 = Debug|Any CPU
		{AA154AD3-7D5E-4A41-91BE-42A4F2190A90}.Debug|Any CPU.Deploy.0 = Debug|Any CPU
		{AA154AD3-7D5E-4A41-91BE-42A4F2190A90}.Release|Any CPU.ActiveCfg = Release|Any CPU
		{AA154AD3-7D5E-4A41-91BE-42A4F2190A90}.Release|Any CPU.Build.0 = Release|Any CPU
		{AA154AD3-7D5E-4A41-91BE-42A4F2190A90}.Release|Any CPU.Deploy.0 = Release|Any CPU
		{34E1EC80-A2B4-4C48-8B2D-303C4F504A94}.Debug|Any CPU.ActiveCfg = Debug|Any CPU
		{34E1EC80-A2B4-4C48-8B2D-303C4F504A94}.Debug|Any CPU.Build.0 = Debug|Any CPU
		{34E1EC80-A2B4-4C48-8B2D-303C4F504A94}.Debug|Any CPU.Deploy.0 = Debug|Any CPU
		{34E1EC80-A2B4-4C48-8B2D-303C4F504A94}.Release|Any CPU.ActiveCfg = Release|Any CPU
		{34E1EC80-A2B4-4C48-8B2D-303C4F504A94}.Release|Any CPU.Build.0 = Release|Any CPU
		{34E1EC80-A2B4-4C48-8B2D-303C4F504A94}.Release|Any CPU.Deploy.0 = Release|Any CPU
		{9A494AB5-A0E9-437D-8C5E-57A1E996B0D6}.Debug|Any CPU.ActiveCfg = Debug|Any CPU
		{9A494AB5-A0E9-437D-8C5E-57A1E996B0D6}.Debug|Any CPU.Build.0 = Debug|Any CPU
		{9A494AB5-A0E9-437D-8C5E-57A1E996B0D6}.Debug|Any CPU.Deploy.0 = Debug|Any CPU
		{9A494AB5-A0E9-437D-8C5E-57A1E996B0D6}.Release|Any CPU.ActiveCfg = Release|Any CPU
		{9A494AB5-A0E9-437D-8C5E-57A1E996B0D6}.Release|Any CPU.Build.0 = Release|Any CPU
		{9A494AB5-A0E9-437D-8C5E-57A1E996B0D6}.Release|Any CPU.Deploy.0 = Release|Any CPU
		{39603BEC-1F5A-4B5B-A535-AF50B2385FE4}.Debug|Any CPU.ActiveCfg = Debug|Any CPU
		{39603BEC-1F5A-4B5B-A535-AF50B2385FE4}.Debug|Any CPU.Build.0 = Debug|Any CPU
		{39603BEC-1F5A-4B5B-A535-AF50B2385FE4}.Debug|Any CPU.Deploy.0 = Debug|Any CPU
		{39603BEC-1F5A-4B5B-A535-AF50B2385FE4}.Release|Any CPU.ActiveCfg = Release|Any CPU
		{39603BEC-1F5A-4B5B-A535-AF50B2385FE4}.Release|Any CPU.Build.0 = Release|Any CPU
		{39603BEC-1F5A-4B5B-A535-AF50B2385FE4}.Release|Any CPU.Deploy.0 = Release|Any CPU
		{DAEF5B8C-BB3F-4423-901B-C29EB6B09FF4}.Debug|Any CPU.ActiveCfg = Debug|Any CPU
		{DAEF5B8C-BB3F-4423-901B-C29EB6B09FF4}.Debug|Any CPU.Build.0 = Debug|Any CPU
		{DAEF5B8C-BB3F-4423-901B-C29EB6B09FF4}.Debug|Any CPU.Deploy.0 = Debug|Any CPU
		{DAEF5B8C-BB3F-4423-901B-C29EB6B09FF4}.Release|Any CPU.ActiveCfg = Release|Any CPU
		{DAEF5B8C-BB3F-4423-901B-C29EB6B09FF4}.Release|Any CPU.Build.0 = Release|Any CPU
		{DAEF5B8C-BB3F-4423-901B-C29EB6B09FF4}.Release|Any CPU.Deploy.0 = Release|Any CPU
		{3FC519EB-8E1F-4B52-B41E-4A7846549965}.Debug|Any CPU.ActiveCfg = Debug|Any CPU
		{3FC519EB-8E1F-4B52-B41E-4A7846549965}.Debug|Any CPU.Build.0 = Debug|Any CPU
		{3FC519EB-8E1F-4B52-B41E-4A7846549965}.Debug|Any CPU.Deploy.0 = Debug|Any CPU
		{3FC519EB-8E1F-4B52-B41E-4A7846549965}.Release|Any CPU.ActiveCfg = Release|Any CPU
		{3FC519EB-8E1F-4B52-B41E-4A7846549965}.Release|Any CPU.Build.0 = Release|Any CPU
		{3FC519EB-8E1F-4B52-B41E-4A7846549965}.Release|Any CPU.Deploy.0 = Release|Any CPU
		{E78925CF-F9E2-4E24-8E48-6E77C0875ACC}.Debug|Any CPU.ActiveCfg = Debug|Any CPU
		{E78925CF-F9E2-4E24-8E48-6E77C0875ACC}.Debug|Any CPU.Build.0 = Debug|Any CPU
		{E78925CF-F9E2-4E24-8E48-6E77C0875ACC}.Debug|Any CPU.Deploy.0 = Debug|Any CPU
		{E78925CF-F9E2-4E24-8E48-6E77C0875ACC}.Release|Any CPU.ActiveCfg = Release|Any CPU
		{E78925CF-F9E2-4E24-8E48-6E77C0875ACC}.Release|Any CPU.Build.0 = Release|Any CPU
		{E78925CF-F9E2-4E24-8E48-6E77C0875ACC}.Release|Any CPU.Deploy.0 = Release|Any CPU
		{484FF5E2-B830-43D9-825D-F3198E955197}.Debug|Any CPU.ActiveCfg = Debug|Any CPU
		{484FF5E2-B830-43D9-825D-F3198E955197}.Debug|Any CPU.Build.0 = Debug|Any CPU
		{484FF5E2-B830-43D9-825D-F3198E955197}.Release|Any CPU.ActiveCfg = Release|Any CPU
		{484FF5E2-B830-43D9-825D-F3198E955197}.Release|Any CPU.Build.0 = Release|Any CPU
		{0EB2C4DA-77FF-420F-A551-63A08BD6D5A2}.Debug|Any CPU.ActiveCfg = Debug|Any CPU
		{0EB2C4DA-77FF-420F-A551-63A08BD6D5A2}.Debug|Any CPU.Build.0 = Debug|Any CPU
		{0EB2C4DA-77FF-420F-A551-63A08BD6D5A2}.Debug|Any CPU.Deploy.0 = Debug|Any CPU
		{0EB2C4DA-77FF-420F-A551-63A08BD6D5A2}.Release|Any CPU.ActiveCfg = Release|Any CPU
		{0EB2C4DA-77FF-420F-A551-63A08BD6D5A2}.Release|Any CPU.Build.0 = Release|Any CPU
		{0EB2C4DA-77FF-420F-A551-63A08BD6D5A2}.Release|Any CPU.Deploy.0 = Release|Any CPU
	EndGlobalSection
	GlobalSection(SolutionProperties) = preSolution
		HideSolutionNode = FALSE
	EndGlobalSection
	GlobalSection(NestedProjects) = preSolution
		{E78925CF-F9E2-4E24-8E48-6E77C0875ACC} = {82A0DDF7-F845-4602-A816-584FB7152F28}
		{484FF5E2-B830-43D9-825D-F3198E955197} = {82A0DDF7-F845-4602-A816-584FB7152F28}
		{0EB2C4DA-77FF-420F-A551-63A08BD6D5A2} = {82A0DDF7-F845-4602-A816-584FB7152F28}
	EndGlobalSection
EndGlobal
